
Microsoft Visual Studio Solution File, Format Version 12.00
# Visual Studio Version 16
VisualStudioVersion = 16.0.31129.286
MinimumVisualStudioVersion = 10.0.40219.1
Project("{FAE04EC0-301F-11D3-BF4B-00C04F79EFBC}") = "OTP_Decrypter", "OTP_Decrypter\OTP_Decrypter.csproj", "{963E7A39-38EA-4FE2-BFBA-253B548C5805}"
EndProject
Global
	GlobalSection(SolutionConfigurationPlatforms) = preSolution
		Debug|Any CPU = Debug|Any CPU
		Release|Any CPU = Release|Any CPU
	EndGlobalSection
	GlobalSection(ProjectConfigurationPlatforms) = postSolution
		{963E7A39-38EA-4FE2-BFBA-253B548C5805}.Debug|Any CPU.ActiveCfg = Debug|Any CPU
		{963E7A39-38EA-4FE2-BFBA-253B548C5805}.Debug|Any CPU.Build.0 = Debug|Any CPU
		{963E7A39-38EA-4FE2-BFBA-253B548C5805}.Release|Any CPU.ActiveCfg = Release|Any CPU
		{963E7A39-38EA-4FE2-BFBA-253B548C5805}.Release|Any CPU.Build.0 = Release|Any CPU
	EndGlobalSection
	GlobalSection(SolutionProperties) = preSolution
		HideSolutionNode = FALSE
	EndGlobalSection
	GlobalSection(ExtensibilityGlobals) = postSolution
		SolutionGuid = {83816F36-F3E5-4930-875D-B8EAE5BA73D5}
	EndGlobalSection
EndGlobal
